
Microsoft Visual Studio Solution File, Format Version 12.00
# Visual Studio Version 17
VisualStudioVersion = 17.4.33213.308
MinimumVisualStudioVersion = 10.0.40219.1
Project("{FAE04EC0-301F-11D3-BF4B-00C04F79EFBC}") = "MouseHideAndLock", "MouseHideAndLock\MouseHideAndLock.csproj", "{9A3E5E03-E7AD-4EB1-A446-D2D81C7CC7E0}"
EndProject
Global
	GlobalSection(SolutionConfigurationPlatforms) = preSolution
		Debug|Any CPU = Debug|Any CPU
		Release|Any CPU = Release|Any CPU
	EndGlobalSection
	GlobalSection(ProjectConfigurationPlatforms) = postSolution
		{9A3E5E03-E7AD-4EB1-A446-D2D81C7CC7E0}.Debug|Any CPU.ActiveCfg = Debug|Any CPU
		{9A3E5E03-E7AD-4EB1-A446-D2D81C7CC7E0}.Debug|Any CPU.Build.0 = Debug|Any CPU
		{9A3E5E03-E7AD-4EB1-A446-D2D81C7CC7E0}.Release|Any CPU.ActiveCfg = Release|Any CPU
		{9A3E5E03-E7AD-4EB1-A446-D2D81C7CC7E0}.Release|Any CPU.Build.0 = Release|Any CPU
	EndGlobalSection
	GlobalSection(SolutionProperties) = preSolution
		HideSolutionNode = FALSE
	EndGlobalSection
	GlobalSection(ExtensibilityGlobals) = postSolution
		SolutionGuid = {67CE7479-C09D-4994-B354-4B17AC9E53BE}
	EndGlobalSection
EndGlobal
